// !$*UTF8*$!
{
	archiveVersion = 1;
	classes = {
	};
	objectVersion = 48;
	objects = {

/* Begin PBXBuildFile section */
		8E8D1458200AF2C5008C77F4 /* AppDelegate.swift in Sources */ = {isa = PBXBuildFile; fileRef = 8E8D1457200AF2C5008C77F4 /* AppDelegate.swift */; };
		8E8D145D200AF2C5008C77F4 /* Main.storyboard in Resources */ = {isa = PBXBuildFile; fileRef = 8E8D145B200AF2C5008C77F4 /* Main.storyboard */; };
		8E8D145F200AF2C5008C77F4 /* Assets.xcassets in Resources */ = {isa = PBXBuildFile; fileRef = 8E8D145E200AF2C5008C77F4 /* Assets.xcassets */; };
		8E8D1462200AF2C5008C77F4 /* LaunchScreen.storyboard in Resources */ = {isa = PBXBuildFile; fileRef = 8E8D1460200AF2C5008C77F4 /* LaunchScreen.storyboard */; };
		8E8D146D200AF2C5008C77F4 /* SchoolSpotTests.swift in Sources */ = {isa = PBXBuildFile; fileRef = 8E8D146C200AF2C5008C77F4 /* SchoolSpotTests.swift */; };
		8E8D1478200AF2C5008C77F4 /* SchoolSpotUITests.swift in Sources */ = {isa = PBXBuildFile; fileRef = 8E8D1477200AF2C5008C77F4 /* SchoolSpotUITests.swift */; };
		8E8D14A5200AF459008C77F4 /* AnonymousCommentsViewController.swift in Sources */ = {isa = PBXBuildFile; fileRef = 8E8D1486200AF455008C77F4 /* AnonymousCommentsViewController.swift */; };
		8E8D14A6200AF459008C77F4 /* PrivateMessageViewController.swift in Sources */ = {isa = PBXBuildFile; fileRef = 8E8D1487200AF456008C77F4 /* PrivateMessageViewController.swift */; };
		8E8D14A7200AF459008C77F4 /* SearchTableViewCell.swift in Sources */ = {isa = PBXBuildFile; fileRef = 8E8D1488200AF456008C77F4 /* SearchTableViewCell.swift */; };
		8E8D14A8200AF459008C77F4 /* AnonymousViewController.swift in Sources */ = {isa = PBXBuildFile; fileRef = 8E8D1489200AF456008C77F4 /* AnonymousViewController.swift */; };
		8E8D14A9200AF459008C77F4 /* AnonymousTableViewCell.swift in Sources */ = {isa = PBXBuildFile; fileRef = 8E8D148A200AF456008C77F4 /* AnonymousTableViewCell.swift */; };
		8E8D14AA200AF459008C77F4 /* SeniorTableViewCell.swift in Sources */ = {isa = PBXBuildFile; fileRef = 8E8D148B200AF456008C77F4 /* SeniorTableViewCell.swift */; };
		8E8D14AB200AF459008C77F4 /* MessageUsersTableViewCell.swift in Sources */ = {isa = PBXBuildFile; fileRef = 8E8D148C200AF456008C77F4 /* MessageUsersTableViewCell.swift */; };
		8E8D14AC200AF459008C77F4 /* SeniorViewController.swift in Sources */ = {isa = PBXBuildFile; fileRef = 8E8D148D200AF456008C77F4 /* SeniorViewController.swift */; };
		8E8D14AD200AF459008C77F4 /* ThirdSignUpViewController.swift in Sources */ = {isa = PBXBuildFile; fileRef = 8E8D148E200AF456008C77F4 /* ThirdSignUpViewController.swift */; };
		8E8D14AE200AF459008C77F4 /* MessagesViewController.swift in Sources */ = {isa = PBXBuildFile; fileRef = 8E8D148F200AF456008C77F4 /* MessagesViewController.swift */; };
		8E8D14AF200AF459008C77F4 /* SecondSignUpViewController.swift in Sources */ = {isa = PBXBuildFile; fileRef = 8E8D1490200AF456008C77F4 /* SecondSignUpViewController.swift */; };
		8E8D14B0200AF459008C77F4 /* AnonymousPostCommentsViewController.swift in Sources */ = {isa = PBXBuildFile; fileRef = 8E8D1491200AF456008C77F4 /* AnonymousPostCommentsViewController.swift */; };
		8E8D14B1200AF459008C77F4 /* JuniorViewController.swift in Sources */ = {isa = PBXBuildFile; fileRef = 8E8D1492200AF457008C77F4 /* JuniorViewController.swift */; };
		8E8D14B2200AF459008C77F4 /* AnonymousCommentsTableViewCell.swift in Sources */ = {isa = PBXBuildFile; fileRef = 8E8D1493200AF457008C77F4 /* AnonymousCommentsTableViewCell.swift */; };
		8E8D14B3200AF459008C77F4 /* NotificationsTableViewCell.swift in Sources */ = {isa = PBXBuildFile; fileRef = 8E8D1494200AF457008C77F4 /* NotificationsTableViewCell.swift */; };
		8E8D14B4200AF459008C77F4 /* AnonymousPostViewController.swift in Sources */ = {isa = PBXBuildFile; fileRef = 8E8D1495200AF457008C77F4 /* AnonymousPostViewController.swift */; };
		8E8D14B5200AF459008C77F4 /* SearchViewController.swift in Sources */ = {isa = PBXBuildFile; fileRef = 8E8D1496200AF457008C77F4 /* SearchViewController.swift */; };
		8E8D14B6200AF459008C77F4 /* DesignableUITextField.swift in Sources */ = {isa = PBXBuildFile; fileRef = 8E8D1497200AF457008C77F4 /* DesignableUITextField.swift */; };
		8E8D14B7200AF459008C77F4 /* JuniorTableViewCell.swift in Sources */ = {isa = PBXBuildFile; fileRef = 8E8D1498200AF457008C77F4 /* JuniorTableViewCell.swift */; };
		8E8D14B8200AF459008C77F4 /* NavigationViewController.swift in Sources */ = {isa = PBXBuildFile; fileRef = 8E8D1499200AF457008C77F4 /* NavigationViewController.swift */; };
		8E8D14B9200AF459008C77F4 /* FavoritesViewController.swift in Sources */ = {isa = PBXBuildFile; fileRef = 8E8D149A200AF458008C77F4 /* FavoritesViewController.swift */; };
		8E8D14BA200AF459008C77F4 /* SWRevealViewController.m in Sources */ = {isa = PBXBuildFile; fileRef = 8E8D149B200AF458008C77F4 /* SWRevealViewController.m */; };
		8E8D14BB200AF459008C77F4 /* FreshmanTableViewCell.swift in Sources */ = {isa = PBXBuildFile; fileRef = 8E8D149D200AF458008C77F4 /* FreshmanTableViewCell.swift */; };
		8E8D14BC200AF459008C77F4 /* FreshmanViewController.swift in Sources */ = {isa = PBXBuildFile; fileRef = 8E8D149E200AF458008C77F4 /* FreshmanViewController.swift */; };
		8E8D14BD200AF459008C77F4 /* SophomoreViewController.swift in Sources */ = {isa = PBXBuildFile; fileRef = 8E8D149F200AF458008C77F4 /* SophomoreViewController.swift */; };
		8E8D14BF200AF459008C77F4 /* FavoritesTableViewCell.swift in Sources */ = {isa = PBXBuildFile; fileRef = 8E8D14A1200AF459008C77F4 /* FavoritesTableViewCell.swift */; };
		8E8D14C0200AF459008C77F4 /* SophomoreTableViewCell.swift in Sources */ = {isa = PBXBuildFile; fileRef = 8E8D14A2200AF459008C77F4 /* SophomoreTableViewCell.swift */; };
		8E8D14C1200AF459008C77F4 /* NotificationsViewController.swift in Sources */ = {isa = PBXBuildFile; fileRef = 8E8D14A3200AF459008C77F4 /* NotificationsViewController.swift */; };
		8E8D14C2200AF459008C77F4 /* FirstSignUpViewController.swift in Sources */ = {isa = PBXBuildFile; fileRef = 8E8D14A4200AF459008C77F4 /* FirstSignUpViewController.swift */; };
		8E8D14C4200AF49D008C77F4 /* ViewController.swift in Sources */ = {isa = PBXBuildFile; fileRef = 8E8D14C3200AF49D008C77F4 /* ViewController.swift */; };
/* End PBXBuildFile section */

/* Begin PBXContainerItemProxy section */
		8E8D1469200AF2C5008C77F4 /* PBXContainerItemProxy */ = {
			isa = PBXContainerItemProxy;
			containerPortal = 8E8D144C200AF2C5008C77F4 /* Project object */;
			proxyType = 1;
			remoteGlobalIDString = 8E8D1453200AF2C5008C77F4;
			remoteInfo = SchoolSpot;
		};
		8E8D1474200AF2C5008C77F4 /* PBXContainerItemProxy */ = {
			isa = PBXContainerItemProxy;
			containerPortal = 8E8D144C200AF2C5008C77F4 /* Project object */;
			proxyType = 1;
			remoteGlobalIDString = 8E8D1453200AF2C5008C77F4;
			remoteInfo = SchoolSpot;
		};
/* End PBXContainerItemProxy section */

/* Begin PBXFileReference section */
		8E8D1454200AF2C5008C77F4 /* SchoolSpot.app */ = {isa = PBXFileReference; explicitFileType = wrapper.application; includeInIndex = 0; path = SchoolSpot.app; sourceTree = BUILT_PRODUCTS_DIR; };
		8E8D1457200AF2C5008C77F4 /* AppDelegate.swift */ = {isa = PBXFileReference; lastKnownFileType = sourcecode.swift; path = AppDelegate.swift; sourceTree = "<group>"; };
		8E8D145C200AF2C5008C77F4 /* Base */ = {isa = PBXFileReference; lastKnownFileType = file.storyboard; name = Base; path = Base.lproj/Main.storyboard; sourceTree = "<group>"; };
		8E8D145E200AF2C5008C77F4 /* Assets.xcassets */ = {isa = PBXFileReference; lastKnownFileType = folder.assetcatalog; path = Assets.xcassets; sourceTree = "<group>"; };
		8E8D1461200AF2C5008C77F4 /* Base */ = {isa = PBXFileReference; lastKnownFileType = file.storyboard; name = Base; path = Base.lproj/LaunchScreen.storyboard; sourceTree = "<group>"; };
		8E8D1463200AF2C5008C77F4 /* Info.plist */ = {isa = PBXFileReference; lastKnownFileType = text.plist.xml; path = Info.plist; sourceTree = "<group>"; };
		8E8D1468200AF2C5008C77F4 /* SchoolSpotTests.xctest */ = {isa = PBXFileReference; explicitFileType = wrapper.cfbundle; includeInIndex = 0; path = SchoolSpotTests.xctest; sourceTree = BUILT_PRODUCTS_DIR; };
		8E8D146C200AF2C5008C77F4 /* SchoolSpotTests.swift */ = {isa = PBXFileReference; lastKnownFileType = sourcecode.swift; path = SchoolSpotTests.swift; sourceTree = "<group>"; };
		8E8D146E200AF2C5008C77F4 /* Info.plist */ = {isa = PBXFileReference; lastKnownFileType = text.plist.xml; path = Info.plist; sourceTree = "<group>"; };
		8E8D1473200AF2C5008C77F4 /* SchoolSpotUITests.xctest */ = {isa = PBXFileReference; explicitFileType = wrapper.cfbundle; includeInIndex = 0; path = SchoolSpotUITests.xctest; sourceTree = BUILT_PRODUCTS_DIR; };
		8E8D1477200AF2C5008C77F4 /* SchoolSpotUITests.swift */ = {isa = PBXFileReference; lastKnownFileType = sourcecode.swift; path = SchoolSpotUITests.swift; sourceTree = "<group>"; };
		8E8D1479200AF2C5008C77F4 /* Info.plist */ = {isa = PBXFileReference; lastKnownFileType = text.plist.xml; path = Info.plist; sourceTree = "<group>"; };
		8E8D1485200AF455008C77F4 /* SchoolSpot-Bridging-Header.h */ = {isa = PBXFileReference; lastKnownFileType = sourcecode.c.h; path = "SchoolSpot-Bridging-Header.h"; sourceTree = "<group>"; };
		8E8D1486200AF455008C77F4 /* AnonymousCommentsViewController.swift */ = {isa = PBXFileReference; fileEncoding = 4; lastKnownFileType = sourcecode.swift; path = AnonymousCommentsViewController.swift; sourceTree = "<group>"; };
		8E8D1487200AF456008C77F4 /* PrivateMessageViewController.swift */ = {isa = PBXFileReference; fileEncoding = 4; lastKnownFileType = sourcecode.swift; path = PrivateMessageViewController.swift; sourceTree = "<group>"; };
		8E8D1488200AF456008C77F4 /* SearchTableViewCell.swift */ = {isa = PBXFileReference; fileEncoding = 4; lastKnownFileType = sourcecode.swift; path = SearchTableViewCell.swift; sourceTree = "<group>"; };
		8E8D1489200AF456008C77F4 /* AnonymousViewController.swift */ = {isa = PBXFileReference; fileEncoding = 4; lastKnownFileType = sourcecode.swift; path = AnonymousViewController.swift; sourceTree = "<group>"; };
		8E8D148A200AF456008C77F4 /* AnonymousTableViewCell.swift */ = {isa = PBXFileReference; fileEncoding = 4; lastKnownFileType = sourcecode.swift; path = AnonymousTableViewCell.swift; sourceTree = "<group>"; };
		8E8D148B200AF456008C77F4 /* SeniorTableViewCell.swift */ = {isa = PBXFileReference; fileEncoding = 4; lastKnownFileType = sourcecode.swift; path = SeniorTableViewCell.swift; sourceTree = "<group>"; };
		8E8D148C200AF456008C77F4 /* MessageUsersTableViewCell.swift */ = {isa = PBXFileReference; fileEncoding = 4; lastKnownFileType = sourcecode.swift; path = MessageUsersTableViewCell.swift; sourceTree = "<group>"; };
		8E8D148D200AF456008C77F4 /* SeniorViewController.swift */ = {isa = PBXFileReference; fileEncoding = 4; lastKnownFileType = sourcecode.swift; path = SeniorViewController.swift; sourceTree = "<group>"; };
		8E8D148E200AF456008C77F4 /* ThirdSignUpViewController.swift */ = {isa = PBXFileReference; fileEncoding = 4; lastKnownFileType = sourcecode.swift; path = ThirdSignUpViewController.swift; sourceTree = "<group>"; };
		8E8D148F200AF456008C77F4 /* MessagesViewController.swift */ = {isa = PBXFileReference; fileEncoding = 4; lastKnownFileType = sourcecode.swift; path = MessagesViewController.swift; sourceTree = "<group>"; };
		8E8D1490200AF456008C77F4 /* SecondSignUpViewController.swift */ = {isa = PBXFileReference; fileEncoding = 4; lastKnownFileType = sourcecode.swift; path = SecondSignUpViewController.swift; sourceTree = "<group>"; };
		8E8D1491200AF456008C77F4 /* AnonymousPostCommentsViewController.swift */ = {isa = PBXFileReference; fileEncoding = 4; lastKnownFileType = sourcecode.swift; path = AnonymousPostCommentsViewController.swift; sourceTree = "<group>"; };
		8E8D1492200AF457008C77F4 /* JuniorViewController.swift */ = {isa = PBXFileReference; fileEncoding = 4; lastKnownFileType = sourcecode.swift; path = JuniorViewController.swift; sourceTree = "<group>"; };
		8E8D1493200AF457008C77F4 /* AnonymousCommentsTableViewCell.swift */ = {isa = PBXFileReference; fileEncoding = 4; lastKnownFileType = sourcecode.swift; path = AnonymousCommentsTableViewCell.swift; sourceTree = "<group>"; };
		8E8D1494200AF457008C77F4 /* NotificationsTableViewCell.swift */ = {isa = PBXFileReference; fileEncoding = 4; lastKnownFileType = sourcecode.swift; path = NotificationsTableViewCell.swift; sourceTree = "<group>"; };
		8E8D1495200AF457008C77F4 /* AnonymousPostViewController.swift */ = {isa = PBXFileReference; fileEncoding = 4; lastKnownFileType = sourcecode.swift; path = AnonymousPostViewController.swift; sourceTree = "<group>"; };
		8E8D1496200AF457008C77F4 /* SearchViewController.swift */ = {isa = PBXFileReference; fileEncoding = 4; lastKnownFileType = sourcecode.swift; path = SearchViewController.swift; sourceTree = "<group>"; };
		8E8D1497200AF457008C77F4 /* DesignableUITextField.swift */ = {isa = PBXFileReference; fileEncoding = 4; lastKnownFileType = sourcecode.swift; path = DesignableUITextField.swift; sourceTree = "<group>"; };
		8E8D1498200AF457008C77F4 /* JuniorTableViewCell.swift */ = {isa = PBXFileReference; fileEncoding = 4; lastKnownFileType = sourcecode.swift; path = JuniorTableViewCell.swift; sourceTree = "<group>"; };
		8E8D1499200AF457008C77F4 /* NavigationViewController.swift */ = {isa = PBXFileReference; fileEncoding = 4; lastKnownFileType = sourcecode.swift; path = NavigationViewController.swift; sourceTree = "<group>"; };
		8E8D149A200AF458008C77F4 /* FavoritesViewController.swift */ = {isa = PBXFileReference; fileEncoding = 4; lastKnownFileType = sourcecode.swift; path = FavoritesViewController.swift; sourceTree = "<group>"; };
		8E8D149B200AF458008C77F4 /* SWRevealViewController.m */ = {isa = PBXFileReference; fileEncoding = 4; lastKnownFileType = sourcecode.c.objc; path = SWRevealViewController.m; sourceTree = "<group>"; };
		8E8D149C200AF458008C77F4 /* SWRevealViewController.h */ = {isa = PBXFileReference; fileEncoding = 4; lastKnownFileType = sourcecode.c.h; path = SWRevealViewController.h; sourceTree = "<group>"; };
		8E8D149D200AF458008C77F4 /* FreshmanTableViewCell.swift */ = {isa = PBXFileReference; fileEncoding = 4; lastKnownFileType = sourcecode.swift; path = FreshmanTableViewCell.swift; sourceTree = "<group>"; };
		8E8D149E200AF458008C77F4 /* FreshmanViewController.swift */ = {isa = PBXFileReference; fileEncoding = 4; lastKnownFileType = sourcecode.swift; path = FreshmanViewController.swift; sourceTree = "<group>"; };
		8E8D149F200AF458008C77F4 /* SophomoreViewController.swift */ = {isa = PBXFileReference; fileEncoding = 4; lastKnownFileType = sourcecode.swift; path = SophomoreViewController.swift; sourceTree = "<group>"; };
		8E8D14A1200AF459008C77F4 /* FavoritesTableViewCell.swift */ = {isa = PBXFileReference; fileEncoding = 4; lastKnownFileType = sourcecode.swift; path = FavoritesTableViewCell.swift; sourceTree = "<group>"; };
		8E8D14A2200AF459008C77F4 /* SophomoreTableViewCell.swift */ = {isa = PBXFileReference; fileEncoding = 4; lastKnownFileType = sourcecode.swift; path = SophomoreTableViewCell.swift; sourceTree = "<group>"; };
		8E8D14A3200AF459008C77F4 /* NotificationsViewController.swift */ = {isa = PBXFileReference; fileEncoding = 4; lastKnownFileType = sourcecode.swift; path = NotificationsViewController.swift; sourceTree = "<group>"; };
		8E8D14A4200AF459008C77F4 /* FirstSignUpViewController.swift */ = {isa = PBXFileReference; fileEncoding = 4; lastKnownFileType = sourcecode.swift; path = FirstSignUpViewController.swift; sourceTree = "<group>"; };
		8E8D14C3200AF49D008C77F4 /* ViewController.swift */ = {isa = PBXFileReference; fileEncoding = 4; lastKnownFileType = sourcecode.swift; path = ViewController.swift; sourceTree = "<group>"; };
/* End PBXFileReference section */

/* Begin PBXFrameworksBuildPhase section */
		8E8D1451200AF2C5008C77F4 /* Frameworks */ = {
			isa = PBXFrameworksBuildPhase;
			buildActionMask = 2147483647;
			files = (
			);
			runOnlyForDeploymentPostprocessing = 0;
		};
		8E8D1465200AF2C5008C77F4 /* Frameworks */ = {
			isa = PBXFrameworksBuildPhase;
			buildActionMask = 2147483647;
			files = (
			);
			runOnlyForDeploymentPostprocessing = 0;
		};
		8E8D1470200AF2C5008C77F4 /* Frameworks */ = {
			isa = PBXFrameworksBuildPhase;
			buildActionMask = 2147483647;
			files = (
			);
			runOnlyForDeploymentPostprocessing = 0;
		};
/* End PBXFrameworksBuildPhase section */

/* Begin PBXGroup section */
		8E8D144B200AF2C5008C77F4 = {
			isa = PBXGroup;
			children = (
				8E8D1456200AF2C5008C77F4 /* SchoolSpot */,
				8E8D146B200AF2C5008C77F4 /* SchoolSpotTests */,
				8E8D1476200AF2C5008C77F4 /* SchoolSpotUITests */,
				8E8D1455200AF2C5008C77F4 /* Products */,
			);
			sourceTree = "<group>";
		};
		8E8D1455200AF2C5008C77F4 /* Products */ = {
			isa = PBXGroup;
			children = (
				8E8D1454200AF2C5008C77F4 /* SchoolSpot.app */,
				8E8D1468200AF2C5008C77F4 /* SchoolSpotTests.xctest */,
				8E8D1473200AF2C5008C77F4 /* SchoolSpotUITests.xctest */,
			);
			name = Products;
			sourceTree = "<group>";
		};
		8E8D1456200AF2C5008C77F4 /* SchoolSpot */ = {
			isa = PBXGroup;
			children = (
				8E8D1457200AF2C5008C77F4 /* AppDelegate.swift */,
				8E8D145E200AF2C5008C77F4 /* Assets.xcassets */,
				8E8D145B200AF2C5008C77F4 /* Main.storyboard */,
				8E8D1460200AF2C5008C77F4 /* LaunchScreen.storyboard */,
				8E8D14C3200AF49D008C77F4 /* ViewController.swift */,
				8E8D1493200AF457008C77F4 /* AnonymousCommentsTableViewCell.swift */,
				8E8D1486200AF455008C77F4 /* AnonymousCommentsViewController.swift */,
				8E8D1491200AF456008C77F4 /* AnonymousPostCommentsViewController.swift */,
				8E8D1495200AF457008C77F4 /* AnonymousPostViewController.swift */,
				8E8D148A200AF456008C77F4 /* AnonymousTableViewCell.swift */,
				8E8D1489200AF456008C77F4 /* AnonymousViewController.swift */,
				8E8D1497200AF457008C77F4 /* DesignableUITextField.swift */,
				8E8D14A1200AF459008C77F4 /* FavoritesTableViewCell.swift */,
				8E8D149A200AF458008C77F4 /* FavoritesViewController.swift */,
				8E8D14A4200AF459008C77F4 /* FirstSignUpViewController.swift */,
				8E8D149D200AF458008C77F4 /* FreshmanTableViewCell.swift */,
				8E8D149E200AF458008C77F4 /* FreshmanViewController.swift */,
				8E8D1498200AF457008C77F4 /* JuniorTableViewCell.swift */,
				8E8D1492200AF457008C77F4 /* JuniorViewController.swift */,
				8E8D148F200AF456008C77F4 /* MessagesViewController.swift */,
				8E8D148C200AF456008C77F4 /* MessageUsersTableViewCell.swift */,
				8E8D1499200AF457008C77F4 /* NavigationViewController.swift */,
				8E8D1494200AF457008C77F4 /* NotificationsTableViewCell.swift */,
				8E8D14A3200AF459008C77F4 /* NotificationsViewController.swift */,
				8E8D1487200AF456008C77F4 /* PrivateMessageViewController.swift */,
				8E8D1488200AF456008C77F4 /* SearchTableViewCell.swift */,
				8E8D1496200AF457008C77F4 /* SearchViewController.swift */,
				8E8D1490200AF456008C77F4 /* SecondSignUpViewController.swift */,
				8E8D148B200AF456008C77F4 /* SeniorTableViewCell.swift */,
				8E8D148D200AF456008C77F4 /* SeniorViewController.swift */,
				8E8D14A2200AF459008C77F4 /* SophomoreTableViewCell.swift */,
				8E8D149F200AF458008C77F4 /* SophomoreViewController.swift */,
				8E8D149C200AF458008C77F4 /* SWRevealViewController.h */,
				8E8D149B200AF458008C77F4 /* SWRevealViewController.m */,
				8E8D148E200AF456008C77F4 /* ThirdSignUpViewController.swift */,
				8E8D1463200AF2C5008C77F4 /* Info.plist */,
				8E8D1485200AF455008C77F4 /* SchoolSpot-Bridging-Header.h */,
			);
			path = SchoolSpot;
			sourceTree = "<group>";
		};
		8E8D146B200AF2C5008C77F4 /* SchoolSpotTests */ = {
			isa = PBXGroup;
			children = (
				8E8D146C200AF2C5008C77F4 /* SchoolSpotTests.swift */,
				8E8D146E200AF2C5008C77F4 /* Info.plist */,
			);
			path = SchoolSpotTests;
			sourceTree = "<group>";
		};
		8E8D1476200AF2C5008C77F4 /* SchoolSpotUITests */ = {
			isa = PBXGroup;
			children = (
				8E8D1477200AF2C5008C77F4 /* SchoolSpotUITests.swift */,
				8E8D1479200AF2C5008C77F4 /* Info.plist */,
			);
			path = SchoolSpotUITests;
			sourceTree = "<group>";
		};
/* End PBXGroup section */

/* Begin PBXNativeTarget section */
		8E8D1453200AF2C5008C77F4 /* SchoolSpot */ = {
			isa = PBXNativeTarget;
			buildConfigurationList = 8E8D147C200AF2C5008C77F4 /* Build configuration list for PBXNativeTarget "SchoolSpot" */;
			buildPhases = (
				8E8D1450200AF2C5008C77F4 /* Sources */,
				8E8D1451200AF2C5008C77F4 /* Frameworks */,
				8E8D1452200AF2C5008C77F4 /* Resources */,
			);
			buildRules = (
			);
			dependencies = (
			);
			name = SchoolSpot;
			productName = SchoolSpot;
			productReference = 8E8D1454200AF2C5008C77F4 /* SchoolSpot.app */;
			productType = "com.apple.product-type.application";
		};
		8E8D1467200AF2C5008C77F4 /* SchoolSpotTests */ = {
			isa = PBXNativeTarget;
			buildConfigurationList = 8E8D147F200AF2C5008C77F4 /* Build configuration list for PBXNativeTarget "SchoolSpotTests" */;
			buildPhases = (
				8E8D1464200AF2C5008C77F4 /* Sources */,
				8E8D1465200AF2C5008C77F4 /* Frameworks */,
				8E8D1466200AF2C5008C77F4 /* Resources */,
			);
			buildRules = (
			);
			dependencies = (
				8E8D146A200AF2C5008C77F4 /* PBXTargetDependency */,
			);
			name = SchoolSpotTests;
			productName = SchoolSpotTests;
			productReference = 8E8D1468200AF2C5008C77F4 /* SchoolSpotTests.xctest */;
			productType = "com.apple.product-type.bundle.unit-test";
		};
		8E8D1472200AF2C5008C77F4 /* SchoolSpotUITests */ = {
			isa = PBXNativeTarget;
			buildConfigurationList = 8E8D1482200AF2C5008C77F4 /* Build configuration list for PBXNativeTarget "SchoolSpotUITests" */;
			buildPhases = (
				8E8D146F200AF2C5008C77F4 /* Sources */,
				8E8D1470200AF2C5008C77F4 /* Frameworks */,
				8E8D1471200AF2C5008C77F4 /* Resources */,
			);
			buildRules = (
			);
			dependencies = (
				8E8D1475200AF2C5008C77F4 /* PBXTargetDependency */,
			);
			name = SchoolSpotUITests;
			productName = SchoolSpotUITests;
			productReference = 8E8D1473200AF2C5008C77F4 /* SchoolSpotUITests.xctest */;
			productType = "com.apple.product-type.bundle.ui-testing";
		};
/* End PBXNativeTarget section */

/* Begin PBXProject section */
		8E8D144C200AF2C5008C77F4 /* Project object */ = {
			isa = PBXProject;
			attributes = {
				LastSwiftUpdateCheck = 0920;
				LastUpgradeCheck = 0920;
				ORGANIZATIONNAME = "Vikrant Banerjee";
				TargetAttributes = {
					8E8D1453200AF2C5008C77F4 = {
						CreatedOnToolsVersion = 9.2;
						LastSwiftMigration = 0920;
						ProvisioningStyle = Automatic;
					};
					8E8D1467200AF2C5008C77F4 = {
						CreatedOnToolsVersion = 9.2;
						ProvisioningStyle = Automatic;
						TestTargetID = 8E8D1453200AF2C5008C77F4;
					};
					8E8D1472200AF2C5008C77F4 = {
						CreatedOnToolsVersion = 9.2;
						ProvisioningStyle = Automatic;
						TestTargetID = 8E8D1453200AF2C5008C77F4;
					};
				};
			};
			buildConfigurationList = 8E8D144F200AF2C5008C77F4 /* Build configuration list for PBXProject "SchoolSpot" */;
			compatibilityVersion = "Xcode 8.0";
			developmentRegion = en;
			hasScannedForEncodings = 0;
			knownRegions = (
				en,
				Base,
			);
			mainGroup = 8E8D144B200AF2C5008C77F4;
			productRefGroup = 8E8D1455200AF2C5008C77F4 /* Products */;
			projectDirPath = "";
			projectRoot = "";
			targets = (
				8E8D1453200AF2C5008C77F4 /* SchoolSpot */,
				8E8D1467200AF2C5008C77F4 /* SchoolSpotTests */,
				8E8D1472200AF2C5008C77F4 /* SchoolSpotUITests */,
			);
		};
/* End PBXProject section */

/* Begin PBXResourcesBuildPhase section */
		8E8D1452200AF2C5008C77F4 /* Resources */ = {
			isa = PBXResourcesBuildPhase;
			buildActionMask = 2147483647;
			files = (
				8E8D1462200AF2C5008C77F4 /* LaunchScreen.storyboard in Resources */,
				8E8D145F200AF2C5008C77F4 /* Assets.xcassets in Resources */,
				8E8D145D200AF2C5008C77F4 /* Main.storyboard in Resources */,
			);
			runOnlyForDeploymentPostprocessing = 0;
		};
		8E8D1466200AF2C5008C77F4 /* Resources */ = {
			isa = PBXResourcesBuildPhase;
			buildActionMask = 2147483647;
			files = (
			);
			runOnlyForDeploymentPostprocessing = 0;
		};
		8E8D1471200AF2C5008C77F4 /* Resources */ = {
			isa = PBXResourcesBuildPhase;
			buildActionMask = 2147483647;
			files = (
			);
			runOnlyForDeploymentPostprocessing = 0;
		};
/* End PBXResourcesBuildPhase section */

/* Begin PBXSourcesBuildPhase section */
		8E8D1450200AF2C5008C77F4 /* Sources */ = {
			isa = PBXSourcesBuildPhase;
			buildActionMask = 2147483647;
			files = (
				8E8D14BB200AF459008C77F4 /* FreshmanTableViewCell.swift in Sources */,
				8E8D14A6200AF459008C77F4 /* PrivateMessageViewController.swift in Sources */,
				8E8D14BC200AF459008C77F4 /* FreshmanViewController.swift in Sources */,
				8E8D14C1200AF459008C77F4 /* NotificationsViewController.swift in Sources */,
				8E8D14B3200AF459008C77F4 /* NotificationsTableViewCell.swift in Sources */,
				8E8D14B2200AF459008C77F4 /* AnonymousCommentsTableViewCell.swift in Sources */,
				8E8D14A5200AF459008C77F4 /* AnonymousCommentsViewController.swift in Sources */,
				8E8D14B5200AF459008C77F4 /* SearchViewController.swift in Sources */,
				8E8D14AC200AF459008C77F4 /* SeniorViewController.swift in Sources */,
				8E8D14C4200AF49D008C77F4 /* ViewController.swift in Sources */,
				8E8D1458200AF2C5008C77F4 /* AppDelegate.swift in Sources */,
				8E8D14B1200AF459008C77F4 /* JuniorViewController.swift in Sources */,
				8E8D14B4200AF459008C77F4 /* AnonymousPostViewController.swift in Sources */,
				8E8D14B7200AF459008C77F4 /* JuniorTableViewCell.swift in Sources */,
				8E8D14BA200AF459008C77F4 /* SWRevealViewController.m in Sources */,
				8E8D14AD200AF459008C77F4 /* ThirdSignUpViewController.swift in Sources */,
				8E8D14B8200AF459008C77F4 /* NavigationViewController.swift in Sources */,
				8E8D14BD200AF459008C77F4 /* SophomoreViewController.swift in Sources */,
				8E8D14AE200AF459008C77F4 /* MessagesViewController.swift in Sources */,
				8E8D14C0200AF459008C77F4 /* SophomoreTableViewCell.swift in Sources */,
				8E8D14BF200AF459008C77F4 /* FavoritesTableViewCell.swift in Sources */,
				8E8D14A8200AF459008C77F4 /* AnonymousViewController.swift in Sources */,
				8E8D14C2200AF459008C77F4 /* FirstSignUpViewController.swift in Sources */,
				8E8D14AF200AF459008C77F4 /* SecondSignUpViewController.swift in Sources */,
				8E8D14A7200AF459008C77F4 /* SearchTableViewCell.swift in Sources */,
				8E8D14B6200AF459008C77F4 /* DesignableUITextField.swift in Sources */,
				8E8D14B0200AF459008C77F4 /* AnonymousPostCommentsViewController.swift in Sources */,
				8E8D14A9200AF459008C77F4 /* AnonymousTableViewCell.swift in Sources */,
				8E8D14B9200AF459008C77F4 /* FavoritesViewController.swift in Sources */,
				8E8D14AA200AF459008C77F4 /* SeniorTableViewCell.swift in Sources */,
				8E8D14AB200AF459008C77F4 /* MessageUsersTableViewCell.swift in Sources */,
			);
			runOnlyForDeploymentPostprocessing = 0;
		};
		8E8D1464200AF2C5008C77F4 /* Sources */ = {
			isa = PBXSourcesBuildPhase;
			buildActionMask = 2147483647;
			files = (
				8E8D146D200AF2C5008C77F4 /* SchoolSpotTests.swift in Sources */,
			);
			runOnlyForDeploymentPostprocessing = 0;
		};
		8E8D146F200AF2C5008C77F4 /* Sources */ = {
			isa = PBXSourcesBuildPhase;
			buildActionMask = 2147483647;
			files = (
				8E8D1478200AF2C5008C77F4 /* SchoolSpotUITests.swift in Sources */,
			);
			runOnlyForDeploymentPostprocessing = 0;
		};
/* End PBXSourcesBuildPhase section */

/* Begin PBXTargetDependency section */
		8E8D146A200AF2C5008C77F4 /* PBXTargetDependency */ = {
			isa = PBXTargetDependency;
			target = 8E8D1453200AF2C5008C77F4 /* SchoolSpot */;
			targetProxy = 8E8D1469200AF2C5008C77F4 /* PBXContainerItemProxy */;
		};
		8E8D1475200AF2C5008C77F4 /* PBXTargetDependency */ = {
			isa = PBXTargetDependency;
			target = 8E8D1453200AF2C5008C77F4 /* SchoolSpot */;
			targetProxy = 8E8D1474200AF2C5008C77F4 /* PBXContainerItemProxy */;
		};
/* End PBXTargetDependency section */

/* Begin PBXVariantGroup section */
		8E8D145B200AF2C5008C77F4 /* Main.storyboard */ = {
			isa = PBXVariantGroup;
			children = (
				8E8D145C200AF2C5008C77F4 /* Base */,
			);
			name = Main.storyboard;
			sourceTree = "<group>";
		};
		8E8D1460200AF2C5008C77F4 /* LaunchScreen.storyboard */ = {
			isa = PBXVariantGroup;
			children = (
				8E8D1461200AF2C5008C77F4 /* Base */,
			);
			name = LaunchScreen.storyboard;
			sourceTree = "<group>";
		};
/* End PBXVariantGroup section */

/* Begin XCBuildConfiguration section */
		8E8D147A200AF2C5008C77F4 /* Debug */ = {
			isa = XCBuildConfiguration;
			buildSettings = {
				ALWAYS_SEARCH_USER_PATHS = NO;
				CLANG_ANALYZER_NONNULL = YES;
				CLANG_ANALYZER_NUMBER_OBJECT_CONVERSION = YES_AGGRESSIVE;
				CLANG_CXX_LANGUAGE_STANDARD = "gnu++14";
				CLANG_CXX_LIBRARY = "libc++";
				CLANG_ENABLE_MODULES = YES;
				CLANG_ENABLE_OBJC_ARC = YES;
				CLANG_WARN_BLOCK_CAPTURE_AUTORELEASING = YES;
				CLANG_WARN_BOOL_CONVERSION = YES;
				CLANG_WARN_COMMA = YES;
				CLANG_WARN_CONSTANT_CONVERSION = YES;
				CLANG_WARN_DIRECT_OBJC_ISA_USAGE = YES_ERROR;
				CLANG_WARN_DOCUMENTATION_COMMENTS = YES;
				CLANG_WARN_EMPTY_BODY = YES;
				CLANG_WARN_ENUM_CONVERSION = YES;
				CLANG_WARN_INFINITE_RECURSION = YES;
				CLANG_WARN_INT_CONVERSION = YES;
				CLANG_WARN_NON_LITERAL_NULL_CONVERSION = YES;
				CLANG_WARN_OBJC_LITERAL_CONVERSION = YES;
				CLANG_WARN_OBJC_ROOT_CLASS = YES_ERROR;
				CLANG_WARN_RANGE_LOOP_ANALYSIS = YES;
				CLANG_WARN_STRICT_PROTOTYPES = YES;
				CLANG_WARN_SUSPICIOUS_MOVE = YES;
				CLANG_WARN_UNGUARDED_AVAILABILITY = YES_AGGRESSIVE;
				CLANG_WARN_UNREACHABLE_CODE = YES;
				CLANG_WARN__DUPLICATE_METHOD_MATCH = YES;
				CODE_SIGN_IDENTITY = "iPhone Developer";
				COPY_PHASE_STRIP = NO;
				DEBUG_INFORMATION_FORMAT = dwarf;
				ENABLE_STRICT_OBJC_MSGSEND = YES;
				ENABLE_TESTABILITY = YES;
				GCC_C_LANGUAGE_STANDARD = gnu11;
				GCC_DYNAMIC_NO_PIC = NO;
				GCC_NO_COMMON_BLOCKS = YES;
				GCC_OPTIMIZATION_LEVEL = 0;
				GCC_PREPROCESSOR_DEFINITIONS = (
					"DEBUG=1",
					"$(inherited)",
				);
				GCC_WARN_64_TO_32_BIT_CONVERSION = YES;
				GCC_WARN_ABOUT_RETURN_TYPE = YES_ERROR;
				GCC_WARN_UNDECLARED_SELECTOR = YES;
				GCC_WARN_UNINITIALIZED_AUTOS = YES_AGGRESSIVE;
				GCC_WARN_UNUSED_FUNCTION = YES;
				GCC_WARN_UNUSED_VARIABLE = YES;
				IPHONEOS_DEPLOYMENT_TARGET = 11.2;
				MTL_ENABLE_DEBUG_INFO = YES;
				ONLY_ACTIVE_ARCH = YES;
				SDKROOT = iphoneos;
				SWIFT_ACTIVE_COMPILATION_CONDITIONS = DEBUG;
				SWIFT_OPTIMIZATION_LEVEL = "-Onone";
			};
			name = Debug;
		};
		8E8D147B200AF2C5008C77F4 /* Release */ = {
			isa = XCBuildConfiguration;
			buildSettings = {
				ALWAYS_SEARCH_USER_PATHS = NO;
				CLANG_ANALYZER_NONNULL = YES;
				CLANG_ANALYZER_NUMBER_OBJECT_CONVERSION = YES_AGGRESSIVE;
				CLANG_CXX_LANGUAGE_STANDARD = "gnu++14";
				CLANG_CXX_LIBRARY = "libc++";
				CLANG_ENABLE_MODULES = YES;
				CLANG_ENABLE_OBJC_ARC = YES;
				CLANG_WARN_BLOCK_CAPTURE_AUTORELEASING = YES;
				CLANG_WARN_BOOL_CONVERSION = YES;
				CLANG_WARN_COMMA = YES;
				CLANG_WARN_CONSTANT_CONVERSION = YES;
				CLANG_WARN_DIRECT_OBJC_ISA_USAGE = YES_ERROR;
				CLANG_WARN_DOCUMENTATION_COMMENTS = YES;
				CLANG_WARN_EMPTY_BODY = YES;
				CLANG_WARN_ENUM_CONVERSION = YES;
				CLANG_WARN_INFINITE_RECURSION = YES;
				CLANG_WARN_INT_CONVERSION = YES;
				CLANG_WARN_NON_LITERAL_NULL_CONVERSION = YES;
				CLANG_WARN_OBJC_LITERAL_CONVERSION = YES;
				CLANG_WARN_OBJC_ROOT_CLASS = YES_ERROR;
				CLANG_WARN_RANGE_LOOP_ANALYSIS = YES;
				CLANG_WARN_STRICT_PROTOTYPES = YES;
				CLANG_WARN_SUSPICIOUS_MOVE = YES;
				CLANG_WARN_UNGUARDED_AVAILABILITY = YES_AGGRESSIVE;
				CLANG_WARN_UNREACHABLE_CODE = YES;
				CLANG_WARN__DUPLICATE_METHOD_MATCH = YES;
				CODE_SIGN_IDENTITY = "iPhone Developer";
				COPY_PHASE_STRIP = NO;
				DEBUG_INFORMATION_FORMAT = "dwarf-with-dsym";
				ENABLE_NS_ASSERTIONS = NO;
				ENABLE_STRICT_OBJC_MSGSEND = YES;
				GCC_C_LANGUAGE_STANDARD = gnu11;
				GCC_NO_COMMON_BLOCKS = YES;
				GCC_WARN_64_TO_32_BIT_CONVERSION = YES;
				GCC_WARN_ABOUT_RETURN_TYPE = YES_ERROR;
				GCC_WARN_UNDECLARED_SELECTOR = YES;
				GCC_WARN_UNINITIALIZED_AUTOS = YES_AGGRESSIVE;
				GCC_WARN_UNUSED_FUNCTION = YES;
				GCC_WARN_UNUSED_VARIABLE = YES;
				IPHONEOS_DEPLOYMENT_TARGET = 11.2;
				MTL_ENABLE_DEBUG_INFO = NO;
				SDKROOT = iphoneos;
				SWIFT_OPTIMIZATION_LEVEL = "-Owholemodule";
				VALIDATE_PRODUCT = YES;
			};
			name = Release;
		};
		8E8D147D200AF2C5008C77F4 /* Debug */ = {
			isa = XCBuildConfiguration;
			buildSettings = {
				ALWAYS_EMBED_SWIFT_STANDARD_LIBRARIES = YES;
				ASSETCATALOG_COMPILER_APPICON_NAME = AppIcon;
				CLANG_ENABLE_MODULES = YES;
				CODE_SIGN_STYLE = Automatic;
				DEVELOPMENT_TEAM = 5SZFA84F6W;
				INFOPLIST_FILE = SchoolSpot/Info.plist;
				LD_RUNPATH_SEARCH_PATHS = "$(inherited) @executable_path/Frameworks";
				PRODUCT_BUNDLE_IDENTIFIER = com.bruincave.SchoolSpot;
				PRODUCT_NAME = "$(TARGET_NAME)";
				SWIFT_OBJC_BRIDGING_HEADER = "SchoolSpot/SchoolSpot-Bridging-Header.h";
				SWIFT_OPTIMIZATION_LEVEL = "-Onone";
				SWIFT_VERSION = 4.0;
				TARGETED_DEVICE_FAMILY = "1,2";
			};
			name = Debug;
		};
		8E8D147E200AF2C5008C77F4 /* Release */ = {
			isa = XCBuildConfiguration;
			buildSettings = {
				ALWAYS_EMBED_SWIFT_STANDARD_LIBRARIES = YES;
				ASSETCATALOG_COMPILER_APPICON_NAME = AppIcon;
				CLANG_ENABLE_MODULES = YES;
				CODE_SIGN_STYLE = Automatic;
				DEVELOPMENT_TEAM = 5SZFA84F6W;
				INFOPLIST_FILE = SchoolSpot/Info.plist;
				LD_RUNPATH_SEARCH_PATHS = "$(inherited) @executable_path/Frameworks";
				PRODUCT_BUNDLE_IDENTIFIER = com.bruincave.SchoolSpot;
				PRODUCT_NAME = "$(TARGET_NAME)";
				SWIFT_OBJC_BRIDGING_HEADER = "SchoolSpot/SchoolSpot-Bridging-Header.h";
				SWIFT_VERSION = 4.0;
				TARGETED_DEVICE_FAMILY = "1,2";
			};
			name = Release;
		};
		8E8D1480200AF2C5008C77F4 /* Debug */ = {
			isa = XCBuildConfiguration;
			buildSettings = {
				ALWAYS_EMBED_SWIFT_STANDARD_LIBRARIES = YES;
				BUNDLE_LOADER = "$(TEST_HOST)";
				CODE_SIGN_STYLE = Automatic;
				DEVELOPMENT_TEAM = 5SZFA84F6W;
				INFOPLIST_FILE = SchoolSpotTests/Info.plist;
				LD_RUNPATH_SEARCH_PATHS = "$(inherited) @executable_path/Frameworks @loader_path/Frameworks";
				PRODUCT_BUNDLE_IDENTIFIER = com.bruincave.SchoolSpotTests;
				PRODUCT_NAME = "$(TARGET_NAME)";
				SWIFT_VERSION = 4.0;
				TARGETED_DEVICE_FAMILY = "1,2";
				TEST_HOST = "$(BUILT_PRODUCTS_DIR)/SchoolSpot.app/SchoolSpot";
			};
			name = Debug;
		};
		8E8D1481200AF2C5008C77F4 /* Release */ = {
			isa = XCBuildConfiguration;
			buildSettings = {
				ALWAYS_EMBED_SWIFT_STANDARD_LIBRARIES = YES;
				BUNDLE_LOADER = "$(TEST_HOST)";
				CODE_SIGN_STYLE = Automatic;
				DEVELOPMENT_TEAM = 5SZFA84F6W;
				INFOPLIST_FILE = SchoolSpotTests/Info.plist;
				LD_RUNPATH_SEARCH_PATHS = "$(inherited) @executable_path/Frameworks @loader_path/Frameworks";
				PRODUCT_BUNDLE_IDENTIFIER = com.bruincave.SchoolSpotTests;
				PRODUCT_NAME = "$(TARGET_NAME)";
				SWIFT_VERSION = 4.0;
				TARGETED_DEVICE_FAMILY = "1,2";
				TEST_HOST = "$(BUILT_PRODUCTS_DIR)/SchoolSpot.app/SchoolSpot";
			};
			name = Release;
		};
		8E8D1483200AF2C5008C77F4 /* Debug */ = {
			isa = XCBuildConfiguration;
			buildSettings = {
				ALWAYS_EMBED_SWIFT_STANDARD_LIBRARIES = YES;
				CODE_SIGN_STYLE = Automatic;
				DEVELOPMENT_TEAM = 5SZFA84F6W;
				INFOPLIST_FILE = SchoolSpotUITests/Info.plist;
				LD_RUNPATH_SEARCH_PATHS = "$(inherited) @executable_path/Frameworks @loader_path/Frameworks";
				PRODUCT_BUNDLE_IDENTIFIER = com.bruincave.SchoolSpotUITests;
				PRODUCT_NAME = "$(TARGET_NAME)";
				SWIFT_VERSION = 4.0;
				TARGETED_DEVICE_FAMILY = "1,2";
				TEST_TARGET_NAME = SchoolSpot;
			};
			name = Debug;
		};
		8E8D1484200AF2C5008C77F4 /* Release */ = {
			isa = XCBuildConfiguration;
			buildSettings = {
				ALWAYS_EMBED_SWIFT_STANDARD_LIBRARIES = YES;
				CODE_SIGN_STYLE = Automatic;
				DEVELOPMENT_TEAM = 5SZFA84F6W;
				INFOPLIST_FILE = SchoolSpotUITests/Info.plist;
				LD_RUNPATH_SEARCH_PATHS = "$(inherited) @executable_path/Frameworks @loader_path/Frameworks";
				PRODUCT_BUNDLE_IDENTIFIER = com.bruincave.SchoolSpotUITests;
				PRODUCT_NAME = "$(TARGET_NAME)";
				SWIFT_VERSION = 4.0;
				TARGETED_DEVICE_FAMILY = "1,2";
				TEST_TARGET_NAME = SchoolSpot;
			};
			name = Release;
		};
/* End XCBuildConfiguration section */

/* Begin XCConfigurationList section */
		8E8D144F200AF2C5008C77F4 /* Build configuration list for PBXProject "SchoolSpot" */ = {
			isa = XCConfigurationList;
			buildConfigurations = (
				8E8D147A200AF2C5008C77F4 /* Debug */,
				8E8D147B200AF2C5008C77F4 /* Release */,
			);
			defaultConfigurationIsVisible = 0;
			defaultConfigurationName = Release;
		};
		8E8D147C200AF2C5008C77F4 /* Build configuration list for PBXNativeTarget "SchoolSpot" */ = {
			isa = XCConfigurationList;
			buildConfigurations = (
				8E8D147D200AF2C5008C77F4 /* Debug */,
				8E8D147E200AF2C5008C77F4 /* Release */,
			);
			defaultConfigurationIsVisible = 0;
			defaultConfigurationName = Release;
		};
		8E8D147F200AF2C5008C77F4 /* Build configuration list for PBXNativeTarget "SchoolSpotTests" */ = {
			isa = XCConfigurationList;
			buildConfigurations = (
				8E8D1480200AF2C5008C77F4 /* Debug */,
				8E8D1481200AF2C5008C77F4 /* Release */,
			);
			defaultConfigurationIsVisible = 0;
			defaultConfigurationName = Release;
		};
		8E8D1482200AF2C5008C77F4 /* Build configuration list for PBXNativeTarget "SchoolSpotUITests" */ = {
			isa = XCConfigurationList;
			buildConfigurations = (
				8E8D1483200AF2C5008C77F4 /* Debug */,
				8E8D1484200AF2C5008C77F4 /* Release */,
			);
			defaultConfigurationIsVisible = 0;
			defaultConfigurationName = Release;
		};
/* End XCConfigurationList section */
	};
	rootObject = 8E8D144C200AF2C5008C77F4 /* Project object */;
}
